{
  "object": {
    "pins": [
      {
        "package": "JGProgressHUD",
        "repositoryURL": "https://github.com/JonasGessner/JGProgressHUD",
        "state": {
          "branch": null,
          "revision": "78d7cd35f1d90ff74fd82e486f2cbe4b24be8cf9",
          "version": "2.2.0"
        }
      },
      {
        "package": "SDWebImage",
        "repositoryURL": "https://github.com/SDWebImage/SDWebImage",
        "state": {
          "branch": null,
          "revision": "76dd4b49110b8624317fc128e7fa0d8a252018bc",
          "version": "5.11.1"
        }
      },
      {
        "package": "TagListView",
        "repositoryURL": "https://github.com/ElaWorkshop/TagListView",
        "state": {
          "branch": null,
          "revision": "b30b61826736f4d9ec04aef5df891f3914423f16",
          "version": "1.4.1"
        }
      }
    ]
  },
  "version": 1
}
